# THIS IS AN AUTOGENERATED FILE. DO NOT EDIT THIS FILE DIRECTLY.
# yarn lockfile v1


flow-bin@^0.168.0:
  version "0.168.0"
  resolved "https://registry.yarnpkg.com/flow-bin/-/flow-bin-0.168.0.tgz#47efa49e72cfc2fcf9bee022e6748ec971f3d027"
  integrity sha512-v5c/LUH+hqSmgB0k56NNv1vtOugDa1xUZ48OO1Fgrr6r2dR5jtQaUJH9g0TlQeTIFRB6jffF/C6xvTGoiBnagw==
